// !$*UTF8*$!
{
	archiveVersion = 1;
	classes = {
	};
	objectVersion = 56;
	objects = {

/* Begin PBXBuildFile section */
		F519A9042AA8284B00A4569B /* CharacterManager.swift in Sources */ = {isa = PBXBuildFile; fileRef = F519A9032AA8284B00A4569B /* CharacterManager.swift */; };
		F52D650E2AB8BA1D0006CF6F /* SwiftUIX in Frameworks */ = {isa = PBXBuildFile; productRef = F52D650D2AB8BA1D0006CF6F /* SwiftUIX */; };
		F52D65102AB9E7910006CF6F /* SubscriptionManager.swift in Sources */ = {isa = PBXBuildFile; fileRef = F52D650F2AB9E7910006CF6F /* SubscriptionManager.swift */; };
		F52D65122AB9E8260006CF6F /* SubscriptionView.swift in Sources */ = {isa = PBXBuildFile; fileRef = F52D65112AB9E8260006CF6F /* SubscriptionView.swift */; };
		F5362CAF2A9BBF2200FD3A52 /* Constants.swift in Sources */ = {isa = PBXBuildFile; fileRef = F5362CAE2A9BBF2200FD3A52 /* Constants.swift */; };
		F54187C62AA848280082E195 /* CoreDataManager.swift in Sources */ = {isa = PBXBuildFile; fileRef = F54187C52AA848280082E195 /* CoreDataManager.swift */; };
		F54187CC2AA887E90082E195 /* Message-Service.js in Resources */ = {isa = PBXBuildFile; fileRef = F54187CB2AA887E90082E195 /* Message-Service.js */; };
		F54187CE2AA888030082E195 /* Character-Service.js in Resources */ = {isa = PBXBuildFile; fileRef = F54187CD2AA888030082E195 /* Character-Service.js */; };
		F54187D22AACD0680082E195 /* CoreDataStack.swift in Sources */ = {isa = PBXBuildFile; fileRef = F54187D12AACD0680082E195 /* CoreDataStack.swift */; };
		F54187D42AACD5600082E195 /* BuddyPark.xcdatamodeld in Sources */ = {isa = PBXBuildFile; fileRef = F59005142A86200800BAF934 /* BuddyPark.xcdatamodeld */; };
		F55945612ABA054000059AC3 /* Subscription-Service.js in Resources */ = {isa = PBXBuildFile; fileRef = F55945602ABA054000059AC3 /* Subscription-Service.js */; };
		F55CE7452AB87BCB00235141 /* Account-Service.js in Resources */ = {isa = PBXBuildFile; fileRef = F55CE7442AB87BCB00235141 /* Account-Service.js */; };
		F55E423C2A93C4FB000BBB44 /* ProfileView.swift in Sources */ = {isa = PBXBuildFile; fileRef = F55E423B2A93C4FB000BBB44 /* ProfileView.swift */; };
		F55E423E2A947E40000BBB44 /* ColorExtension.swift in Sources */ = {isa = PBXBuildFile; fileRef = F55E423D2A947E40000BBB44 /* ColorExtension.swift */; };
		F58A97C22AB0C5A1004CB0C7 /* Intents.intentdefinition in Sources */ = {isa = PBXBuildFile; fileRef = F58A97C12AB0C5A1004CB0C7 /* Intents.intentdefinition */; };
		F58A97C62AB36B92004CB0C7 /* WelcomeView.swift in Sources */ = {isa = PBXBuildFile; fileRef = F58A97C52AB36B92004CB0C7 /* WelcomeView.swift */; };
		F590050A2A86200600BAF934 /* BuddyParkApp.swift in Sources */ = {isa = PBXBuildFile; fileRef = F59005092A86200600BAF934 /* BuddyParkApp.swift */; };
		F590050E2A86200800BAF934 /* Assets.xcassets in Resources */ = {isa = PBXBuildFile; fileRef = F590050D2A86200800BAF934 /* Assets.xcassets */; };
		F59005112A86200800BAF934 /* Preview Assets.xcassets in Resources */ = {isa = PBXBuildFile; fileRef = F59005102A86200800BAF934 /* Preview Assets.xcassets */; };
		F59005132A86200800BAF934 /* Persistence.swift in Sources */ = {isa = PBXBuildFile; fileRef = F59005122A86200800BAF934 /* Persistence.swift */; };
		F59005162A86200800BAF934 /* BuddyPark.xcdatamodeld in Sources */ = {isa = PBXBuildFile; fileRef = F59005142A86200800BAF934 /* BuddyPark.xcdatamodeld */; };
		F59005202A86200800BAF934 /* BuddyParkTests.swift in Sources */ = {isa = PBXBuildFile; fileRef = F590051F2A86200800BAF934 /* BuddyParkTests.swift */; };
		F590052A2A86200800BAF934 /* BuddyParkUITests.swift in Sources */ = {isa = PBXBuildFile; fileRef = F59005292A86200800BAF934 /* BuddyParkUITests.swift */; };
		F590052C2A86200800BAF934 /* BuddyParkUITestsLaunchTests.swift in Sources */ = {isa = PBXBuildFile; fileRef = F590052B2A86200800BAF934 /* BuddyParkUITestsLaunchTests.swift */; };
		F59005392A86215800BAF934 /* SwipeView.swift in Sources */ = {isa = PBXBuildFile; fileRef = F59005382A86215800BAF934 /* SwipeView.swift */; };
		F590053B2A86225F00BAF934 /* Extensions.swift in Sources */ = {isa = PBXBuildFile; fileRef = F590053A2A86225F00BAF934 /* Extensions.swift */; };
		F590053D2A86246000BAF934 /* HomeView.swift in Sources */ = {isa = PBXBuildFile; fileRef = F590053C2A86246000BAF934 /* HomeView.swift */; };
		F59005482A89F3E300BAF934 /* MessageListView.swift in Sources */ = {isa = PBXBuildFile; fileRef = F59005472A89F3E300BAF934 /* MessageListView.swift */; };
		F590054A2A89F40500BAF934 /* MessageView.swift in Sources */ = {isa = PBXBuildFile; fileRef = F59005492A89F40500BAF934 /* MessageView.swift */; };
		F59005502A8A068F00BAF934 /* HomeViewModel.swift in Sources */ = {isa = PBXBuildFile; fileRef = F590054F2A8A068F00BAF934 /* HomeViewModel.swift */; };
		F59005522A8A204000BAF934 /* MessageManager.swift in Sources */ = {isa = PBXBuildFile; fileRef = F59005512A8A204000BAF934 /* MessageManager.swift */; };
		F59E83AF2AA1851C0076D9FD /* NotificationManager.swift in Sources */ = {isa = PBXBuildFile; fileRef = F59E83AE2AA1851C0076D9FD /* NotificationManager.swift */; };
		F59E83B72AA1855C0076D9FD /* NotificationService.swift in Sources */ = {isa = PBXBuildFile; fileRef = F59E83B62AA1855C0076D9FD /* NotificationService.swift */; };
		F59E83BB2AA1855C0076D9FD /* BuddyParkNSE.appex in Embed Foundation Extensions */ = {isa = PBXBuildFile; fileRef = F59E83B42AA1855C0076D9FD /* BuddyParkNSE.appex */; settings = {ATTRIBUTES = (RemoveHeadersOnCopy, ); }; };
		F5C0ACC12AAE1AEC0081DD23 /* CoreDataManager.swift in Sources */ = {isa = PBXBuildFile; fileRef = F54187C52AA848280082E195 /* CoreDataManager.swift */; };
		F5D70A992A9CF76E0075D3FA /* SubscriptionManager.swift in Sources */ = {isa = PBXBuildFile; fileRef = F5D70A982A9CF76E0075D3FA /* SubscriptionManager.swift */; };
		F5D73B3D2A9D10AF0075D3FA /* UserProfileManager.swift in Sources */ = {isa = PBXBuildFile; fileRef = F5D73B3C2A9D10AF0075D3FA /* UserProfileManager.swift */; };
/* End PBXBuildFile section */

/* Begin PBXContainerItemProxy section */
		F590051C2A86200800BAF934 /* PBXContainerItemProxy */ = {
			isa = PBXContainerItemProxy;
			containerPortal = F59004FE2A86200600BAF934 /* Project object */;
			proxyType = 1;
			remoteGlobalIDString = F59005052A86200600BAF934;
			remoteInfo = BuddyPark;
		};
		F59005262A86200800BAF934 /* PBXContainerItemProxy */ = {
			isa = PBXContainerItemProxy;
			containerPortal = F59004FE2A86200600BAF934 /* Project object */;
			proxyType = 1;
			remoteGlobalIDString = F59005052A86200600BAF934;
			remoteInfo = BuddyPark;
		};
		F59E83B92AA1855C0076D9FD /* PBXContainerItemProxy */ = {
			isa = PBXContainerItemProxy;
			containerPortal = F59004FE2A86200600BAF934 /* Project object */;
			proxyType = 1;
			remoteGlobalIDString = F59E83B32AA1855C0076D9FD;
			remoteInfo = BuddyParkNSE;
		};
/* End PBXContainerItemProxy section */

/* Begin PBXCopyFilesBuildPhase section */
		F59E83BF2AA1855C0076D9FD /* Embed Foundation Extensions */ = {
			isa = PBXCopyFilesBuildPhase;
			buildActionMask = 2147483647;
			dstPath = "";
			dstSubfolderSpec = 13;
			files = (
				F59E83BB2AA1855C0076D9FD /* BuddyParkNSE.appex in Embed Foundation Extensions */,
			);
			name = "Embed Foundation Extensions";
			runOnlyForDeploymentPostprocessing = 0;
		};
/* End PBXCopyFilesBuildPhase section */

/* Begin PBXFileReference section */
		F519A9032AA8284B00A4569B /* CharacterManager.swift */ = {isa = PBXFileReference; lastKnownFileType = sourcecode.swift; path = CharacterManager.swift; sourceTree = "<group>"; };
		F52D650F2AB9E7910006CF6F /* SubscriptionManager.swift */ = {isa = PBXFileReference; fileEncoding = 4; lastKnownFileType = sourcecode.swift; path = SubscriptionManager.swift; sourceTree = "<group>"; };
		F52D65112AB9E8260006CF6F /* SubscriptionView.swift */ = {isa = PBXFileReference; lastKnownFileType = sourcecode.swift; path = SubscriptionView.swift; sourceTree = "<group>"; };
		F5362CAD2A9872D800FD3A52 /* BuddyPark.entitlements */ = {isa = PBXFileReference; lastKnownFileType = text.plist.entitlements; path = BuddyPark.entitlements; sourceTree = "<group>"; };
		F5362CAE2A9BBF2200FD3A52 /* Constants.swift */ = {isa = PBXFileReference; lastKnownFileType = sourcecode.swift; path = Constants.swift; sourceTree = "<group>"; };
		F54187C52AA848280082E195 /* CoreDataManager.swift */ = {isa = PBXFileReference; lastKnownFileType = sourcecode.swift; path = CoreDataManager.swift; sourceTree = "<group>"; };
		F54187CB2AA887E90082E195 /* Message-Service.js */ = {isa = PBXFileReference; fileEncoding = 4; lastKnownFileType = sourcecode.javascript; path = "Message-Service.js"; sourceTree = "<group>"; };
		F54187CD2AA888030082E195 /* Character-Service.js */ = {isa = PBXFileReference; fileEncoding = 4; lastKnownFileType = sourcecode.javascript; path = "Character-Service.js"; sourceTree = "<group>"; };
		F54187D12AACD0680082E195 /* CoreDataStack.swift */ = {isa = PBXFileReference; lastKnownFileType = sourcecode.swift; path = CoreDataStack.swift; sourceTree = "<group>"; };
		F54187D52AACDC070082E195 /* BuddyParkNSE.entitlements */ = {isa = PBXFileReference; lastKnownFileType = text.plist.entitlements; path = BuddyParkNSE.entitlements; sourceTree = "<group>"; };
		F55945602ABA054000059AC3 /* Subscription-Service.js */ = {isa = PBXFileReference; fileEncoding = 4; lastKnownFileType = sourcecode.javascript; path = "Subscription-Service.js"; sourceTree = "<group>"; };
		F55CE7442AB87BCB00235141 /* Account-Service.js */ = {isa = PBXFileReference; fileEncoding = 4; lastKnownFileType = sourcecode.javascript; path = "Account-Service.js"; sourceTree = "<group>"; };
		F55E423B2A93C4FB000BBB44 /* ProfileView.swift */ = {isa = PBXFileReference; lastKnownFileType = sourcecode.swift; path = ProfileView.swift; sourceTree = "<group>"; };
		F55E423D2A947E40000BBB44 /* ColorExtension.swift */ = {isa = PBXFileReference; lastKnownFileType = sourcecode.swift; path = ColorExtension.swift; sourceTree = "<group>"; };
		F58A97C12AB0C5A1004CB0C7 /* Intents.intentdefinition */ = {isa = PBXFileReference; lastKnownFileType = file.intentdefinition; path = Intents.intentdefinition; sourceTree = "<group>"; };
		F58A97C52AB36B92004CB0C7 /* WelcomeView.swift */ = {isa = PBXFileReference; lastKnownFileType = sourcecode.swift; path = WelcomeView.swift; sourceTree = "<group>"; };
		F59005062A86200600BAF934 /* BuddyPark.app */ = {isa = PBXFileReference; explicitFileType = wrapper.application; includeInIndex = 0; path = BuddyPark.app; sourceTree = BUILT_PRODUCTS_DIR; };
		F59005092A86200600BAF934 /* BuddyParkApp.swift */ = {isa = PBXFileReference; lastKnownFileType = sourcecode.swift; path = BuddyParkApp.swift; sourceTree = "<group>"; };
		F590050D2A86200800BAF934 /* Assets.xcassets */ = {isa = PBXFileReference; lastKnownFileType = folder.assetcatalog; path = Assets.xcassets; sourceTree = "<group>"; };
		F59005102A86200800BAF934 /* Preview Assets.xcassets */ = {isa = PBXFileReference; lastKnownFileType = folder.assetcatalog; path = "Preview Assets.xcassets"; sourceTree = "<group>"; };
		F59005122A86200800BAF934 /* Persistence.swift */ = {isa = PBXFileReference; lastKnownFileType = sourcecode.swift; path = Persistence.swift; sourceTree = "<group>"; };
		F59005152A86200800BAF934 /* BuddyPark.xcdatamodel */ = {isa = PBXFileReference; lastKnownFileType = wrapper.xcdatamodel; path = BuddyPark.xcdatamodel; sourceTree = "<group>"; };
		F590051B2A86200800BAF934 /* BuddyParkTests.xctest */ = {isa = PBXFileReference; explicitFileType = wrapper.cfbundle; includeInIndex = 0; path = BuddyParkTests.xctest; sourceTree = BUILT_PRODUCTS_DIR; };
		F590051F2A86200800BAF934 /* BuddyParkTests.swift */ = {isa = PBXFileReference; lastKnownFileType = sourcecode.swift; path = BuddyParkTests.swift; sourceTree = "<group>"; };
		F59005252A86200800BAF934 /* BuddyParkUITests.xctest */ = {isa = PBXFileReference; explicitFileType = wrapper.cfbundle; includeInIndex = 0; path = BuddyParkUITests.xctest; sourceTree = BUILT_PRODUCTS_DIR; };
		F59005292A86200800BAF934 /* BuddyParkUITests.swift */ = {isa = PBXFileReference; lastKnownFileType = sourcecode.swift; path = BuddyParkUITests.swift; sourceTree = "<group>"; };
		F590052B2A86200800BAF934 /* BuddyParkUITestsLaunchTests.swift */ = {isa = PBXFileReference; lastKnownFileType = sourcecode.swift; path = BuddyParkUITestsLaunchTests.swift; sourceTree = "<group>"; };
		F59005382A86215800BAF934 /* SwipeView.swift */ = {isa = PBXFileReference; lastKnownFileType = sourcecode.swift; path = SwipeView.swift; sourceTree = "<group>"; };
		F590053A2A86225F00BAF934 /* Extensions.swift */ = {isa = PBXFileReference; lastKnownFileType = sourcecode.swift; path = Extensions.swift; sourceTree = "<group>"; };
		F590053C2A86246000BAF934 /* HomeView.swift */ = {isa = PBXFileReference; lastKnownFileType = sourcecode.swift; path = HomeView.swift; sourceTree = "<group>"; };
		F59005472A89F3E300BAF934 /* MessageListView.swift */ = {isa = PBXFileReference; lastKnownFileType = sourcecode.swift; path = MessageListView.swift; sourceTree = "<group>"; };
		F59005492A89F40500BAF934 /* MessageView.swift */ = {isa = PBXFileReference; lastKnownFileType = sourcecode.swift; path = MessageView.swift; sourceTree = "<group>"; };
		F590054F2A8A068F00BAF934 /* HomeViewModel.swift */ = {isa = PBXFileReference; lastKnownFileType = sourcecode.swift; path = HomeViewModel.swift; sourceTree = "<group>"; };
		F59005512A8A204000BAF934 /* MessageManager.swift */ = {isa = PBXFileReference; lastKnownFileType = sourcecode.swift; path = MessageManager.swift; sourceTree = "<group>"; };
		F59E83AE2AA1851C0076D9FD /* NotificationManager.swift */ = {isa = PBXFileReference; lastKnownFileType = sourcecode.swift; path = NotificationManager.swift; sourceTree = "<group>"; };
		F59E83B42AA1855C0076D9FD /* BuddyParkNSE.appex */ = {isa = PBXFileReference; explicitFileType = "wrapper.app-extension"; includeInIndex = 0; path = BuddyParkNSE.appex; sourceTree = BUILT_PRODUCTS_DIR; };
		F59E83B62AA1855C0076D9FD /* NotificationService.swift */ = {isa = PBXFileReference; lastKnownFileType = sourcecode.swift; path = NotificationService.swift; sourceTree = "<group>"; };
		F59E83B82AA1855C0076D9FD /* Info.plist */ = {isa = PBXFileReference; lastKnownFileType = text.plist.xml; path = Info.plist; sourceTree = "<group>"; };
		F59E83C02AA18C500076D9FD /* Info.plist */ = {isa = PBXFileReference; lastKnownFileType = text.plist; path = Info.plist; sourceTree = "<group>"; };
		F5D70A982A9CF76E0075D3FA /* SubscriptionManager.swift */ = {isa = PBXFileReference; lastKnownFileType = sourcecode.swift; path = SubscriptionManager.swift; sourceTree = "<group>"; };
		F5D73B3C2A9D10AF0075D3FA /* UserProfileManager.swift */ = {isa = PBXFileReference; lastKnownFileType = sourcecode.swift; path = UserProfileManager.swift; sourceTree = "<group>"; };
/* End PBXFileReference section */

/* Begin PBXFrameworksBuildPhase section */
		F59005032A86200600BAF934 /* Frameworks */ = {
			isa = PBXFrameworksBuildPhase;
			buildActionMask = 2147483647;
			files = (
				F52D650E2AB8BA1D0006CF6F /* SwiftUIX in Frameworks */,
			);
			runOnlyForDeploymentPostprocessing = 0;
		};
		F59005182A86200800BAF934 /* Frameworks */ = {
			isa = PBXFrameworksBuildPhase;
			buildActionMask = 2147483647;
			files = (
			);
			runOnlyForDeploymentPostprocessing = 0;
		};
		F59005222A86200800BAF934 /* Frameworks */ = {
			isa = PBXFrameworksBuildPhase;
			buildActionMask = 2147483647;
			files = (
			);
			runOnlyForDeploymentPostprocessing = 0;
		};
		F59E83B12AA1855C0076D9FD /* Frameworks */ = {
			isa = PBXFrameworksBuildPhase;
			buildActionMask = 2147483647;
			files = (
			);
			runOnlyForDeploymentPostprocessing = 0;
		};
/* End PBXFrameworksBuildPhase section */

/* Begin PBXGroup section */
		F54187CA2AA887E90082E195 /* Server */ = {
			isa = PBXGroup;
			children = (
				F54187CD2AA888030082E195 /* Character-Service.js */,
				F54187CB2AA887E90082E195 /* Message-Service.js */,
				F55945602ABA054000059AC3 /* Subscription-Service.js */,
				F55CE7442AB87BCB00235141 /* Account-Service.js */,
			);
			path = Server;
			sourceTree = "<group>";
		};
		F59004FD2A86200600BAF934 = {
			isa = PBXGroup;
			children = (
				F54187CA2AA887E90082E195 /* Server */,
				F59005082A86200600BAF934 /* BuddyPark */,
				F590051E2A86200800BAF934 /* BuddyParkTests */,
				F59005282A86200800BAF934 /* BuddyParkUITests */,
				F59E83B52AA1855C0076D9FD /* BuddyParkNSE */,
				F59005072A86200600BAF934 /* Products */,
			);
			sourceTree = "<group>";
		};
		F59005072A86200600BAF934 /* Products */ = {
			isa = PBXGroup;
			children = (
				F59005062A86200600BAF934 /* BuddyPark.app */,
				F590051B2A86200800BAF934 /* BuddyParkTests.xctest */,
				F59005252A86200800BAF934 /* BuddyParkUITests.xctest */,
				F59E83B42AA1855C0076D9FD /* BuddyParkNSE.appex */,
			);
			name = Products;
			sourceTree = "<group>";
		};
		F59005082A86200600BAF934 /* BuddyPark */ = {
			isa = PBXGroup;
			children = (
				F59E83C02AA18C500076D9FD /* Info.plist */,
				F5362CAD2A9872D800FD3A52 /* BuddyPark.entitlements */,
				F59005092A86200600BAF934 /* BuddyParkApp.swift */,
				F5362CAE2A9BBF2200FD3A52 /* Constants.swift */,
				F59E83AD2AA184E40076D9FD /* Manager */,
				F59E83AC2AA184D80076D9FD /* View */,
				F590054F2A8A068F00BAF934 /* HomeViewModel.swift */,
				F590053A2A86225F00BAF934 /* Extensions.swift */,
				F590050D2A86200800BAF934 /* Assets.xcassets */,
				F59005122A86200800BAF934 /* Persistence.swift */,
				F59005142A86200800BAF934 /* BuddyPark.xcdatamodeld */,
				F590050F2A86200800BAF934 /* Preview Content */,
				F55E423D2A947E40000BBB44 /* ColorExtension.swift */,
				F58A97C12AB0C5A1004CB0C7 /* Intents.intentdefinition */,
			);
			path = BuddyPark;
			sourceTree = "<group>";
		};
		F590050F2A86200800BAF934 /* Preview Content */ = {
			isa = PBXGroup;
			children = (
				F59005102A86200800BAF934 /* Preview Assets.xcassets */,
			);
			path = "Preview Content";
			sourceTree = "<group>";
		};
		F590051E2A86200800BAF934 /* BuddyParkTests */ = {
			isa = PBXGroup;
			children = (
				F590051F2A86200800BAF934 /* BuddyParkTests.swift */,
			);
			path = BuddyParkTests;
			sourceTree = "<group>";
		};
		F59005282A86200800BAF934 /* BuddyParkUITests */ = {
			isa = PBXGroup;
			children = (
				F59005292A86200800BAF934 /* BuddyParkUITests.swift */,
				F590052B2A86200800BAF934 /* BuddyParkUITestsLaunchTests.swift */,
			);
			path = BuddyParkUITests;
			sourceTree = "<group>";
		};
		F59E83AC2AA184D80076D9FD /* View */ = {
			isa = PBXGroup;
			children = (
				F52D65112AB9E8260006CF6F /* SubscriptionView.swift */,
				F59005472A89F3E300BAF934 /* MessageListView.swift */,
				F59005492A89F40500BAF934 /* MessageView.swift */,
				F58A97C52AB36B92004CB0C7 /* WelcomeView.swift */,
				F59005382A86215800BAF934 /* SwipeView.swift */,
				F590053C2A86246000BAF934 /* HomeView.swift */,
				F55E423B2A93C4FB000BBB44 /* ProfileView.swift */,
			);
			path = View;
			sourceTree = "<group>";
		};
		F59E83AD2AA184E40076D9FD /* Manager */ = {
			isa = PBXGroup;
			children = (
				F52D650F2AB9E7910006CF6F /* SubscriptionManager.swift */,
				F59E83AE2AA1851C0076D9FD /* NotificationManager.swift */,
				F59005512A8A204000BAF934 /* MessageManager.swift */,
				F5D73B3C2A9D10AF0075D3FA /* UserProfileManager.swift */,
				F5D70A982A9CF76E0075D3FA /* SubscriptionManager.swift */,
				F519A9032AA8284B00A4569B /* CharacterManager.swift */,
				F54187C52AA848280082E195 /* CoreDataManager.swift */,
				F54187D12AACD0680082E195 /* CoreDataStack.swift */,
			);
			name = Manager;
			path = View;
			sourceTree = "<group>";
		};
		F59E83B52AA1855C0076D9FD /* BuddyParkNSE */ = {
			isa = PBXGroup;
			children = (
				F54187D52AACDC070082E195 /* BuddyParkNSE.entitlements */,
				F59E83B62AA1855C0076D9FD /* NotificationService.swift */,
				F59E83B82AA1855C0076D9FD /* Info.plist */,
			);
			path = BuddyParkNSE;
			sourceTree = "<group>";
		};
/* End PBXGroup section */

/* Begin PBXNativeTarget section */
		F59005052A86200600BAF934 /* BuddyPark */ = {
			isa = PBXNativeTarget;
			buildConfigurationList = F590052F2A86200800BAF934 /* Build configuration list for PBXNativeTarget "BuddyPark" */;
			buildPhases = (
				F59005022A86200600BAF934 /* Sources */,
				F59005032A86200600BAF934 /* Frameworks */,
				F59005042A86200600BAF934 /* Resources */,
				F59E83BF2AA1855C0076D9FD /* Embed Foundation Extensions */,
			);
			buildRules = (
			);
			dependencies = (
				F59E83BA2AA1855C0076D9FD /* PBXTargetDependency */,
			);
			name = BuddyPark;
			packageProductDependencies = (
				F52D650D2AB8BA1D0006CF6F /* SwiftUIX */,
			);
			productName = BuddyPark;
			productReference = F59005062A86200600BAF934 /* BuddyPark.app */;
			productType = "com.apple.product-type.application";
		};
		F590051A2A86200800BAF934 /* BuddyParkTests */ = {
			isa = PBXNativeTarget;
			buildConfigurationList = F59005322A86200800BAF934 /* Build configuration list for PBXNativeTarget "BuddyParkTests" */;
			buildPhases = (
				F59005172A86200800BAF934 /* Sources */,
				F59005182A86200800BAF934 /* Frameworks */,
				F59005192A86200800BAF934 /* Resources */,
			);
			buildRules = (
			);
			dependencies = (
				F590051D2A86200800BAF934 /* PBXTargetDependency */,
			);
			name = BuddyParkTests;
			productName = BuddyParkTests;
			productReference = F590051B2A86200800BAF934 /* BuddyParkTests.xctest */;
			productType = "com.apple.product-type.bundle.unit-test";
		};
		F59005242A86200800BAF934 /* BuddyParkUITests */ = {
			isa = PBXNativeTarget;
			buildConfigurationList = F59005352A86200800BAF934 /* Build configuration list for PBXNativeTarget "BuddyParkUITests" */;
			buildPhases = (
				F59005212A86200800BAF934 /* Sources */,
				F59005222A86200800BAF934 /* Frameworks */,
				F59005232A86200800BAF934 /* Resources */,
			);
			buildRules = (
			);
			dependencies = (
				F59005272A86200800BAF934 /* PBXTargetDependency */,
			);
			name = BuddyParkUITests;
			productName = BuddyParkUITests;
			productReference = F59005252A86200800BAF934 /* BuddyParkUITests.xctest */;
			productType = "com.apple.product-type.bundle.ui-testing";
		};
		F59E83B32AA1855C0076D9FD /* BuddyParkNSE */ = {
			isa = PBXNativeTarget;
			buildConfigurationList = F59E83BC2AA1855C0076D9FD /* Build configuration list for PBXNativeTarget "BuddyParkNSE" */;
			buildPhases = (
				F59E83B02AA1855C0076D9FD /* Sources */,
				F59E83B12AA1855C0076D9FD /* Frameworks */,
				F59E83B22AA1855C0076D9FD /* Resources */,
			);
			buildRules = (
			);
			dependencies = (
			);
			name = BuddyParkNSE;
			productName = BuddyParkNSE;
			productReference = F59E83B42AA1855C0076D9FD /* BuddyParkNSE.appex */;
			productType = "com.apple.product-type.app-extension";
		};
/* End PBXNativeTarget section */

/* Begin PBXProject section */
		F59004FE2A86200600BAF934 /* Project object */ = {
			isa = PBXProject;
			attributes = {
				BuildIndependentTargetsInParallel = 1;
				LastSwiftUpdateCheck = 1430;
				LastUpgradeCheck = 1430;
				TargetAttributes = {
					F59005052A86200600BAF934 = {
						CreatedOnToolsVersion = 14.3.1;
					};
					F590051A2A86200800BAF934 = {
						CreatedOnToolsVersion = 14.3.1;
						TestTargetID = F59005052A86200600BAF934;
					};
					F59005242A86200800BAF934 = {
						CreatedOnToolsVersion = 14.3.1;
						TestTargetID = F59005052A86200600BAF934;
					};
					F59E83B32AA1855C0076D9FD = {
						CreatedOnToolsVersion = 14.3.1;
					};
				};
			};
			buildConfigurationList = F59005012A86200600BAF934 /* Build configuration list for PBXProject "BuddyPark" */;
			compatibilityVersion = "Xcode 14.0";
			developmentRegion = en;
			hasScannedForEncodings = 0;
			knownRegions = (
				en,
				Base,
			);
			mainGroup = F59004FD2A86200600BAF934;
			packageReferences = (
				F52D650C2AB8BA1D0006CF6F /* XCRemoteSwiftPackageReference "SwiftUIX" */,
			);
			productRefGroup = F59005072A86200600BAF934 /* Products */;
			projectDirPath = "";
			projectRoot = "";
			targets = (
				F59005052A86200600BAF934 /* BuddyPark */,
				F590051A2A86200800BAF934 /* BuddyParkTests */,
				F59005242A86200800BAF934 /* BuddyParkUITests */,
				F59E83B32AA1855C0076D9FD /* BuddyParkNSE */,
			);
		};
/* End PBXProject section */

/* Begin PBXResourcesBuildPhase section */
		F59005042A86200600BAF934 /* Resources */ = {
			isa = PBXResourcesBuildPhase;
			buildActionMask = 2147483647;
			files = (
				F59005112A86200800BAF934 /* Preview Assets.xcassets in Resources */,
				F590050E2A86200800BAF934 /* Assets.xcassets in Resources */,
				F54187CE2AA888030082E195 /* Character-Service.js in Resources */,
				F55945612ABA054000059AC3 /* Subscription-Service.js in Resources */,
				F54187CC2AA887E90082E195 /* Message-Service.js in Resources */,
				F55CE7452AB87BCB00235141 /* Account-Service.js in Resources */,
			);
			runOnlyForDeploymentPostprocessing = 0;
		};
		F59005192A86200800BAF934 /* Resources */ = {
			isa = PBXResourcesBuildPhase;
			buildActionMask = 2147483647;
			files = (
			);
			runOnlyForDeploymentPostprocessing = 0;
		};
		F59005232A86200800BAF934 /* Resources */ = {
			isa = PBXResourcesBuildPhase;
			buildActionMask = 2147483647;
			files = (
			);
			runOnlyForDeploymentPostprocessing = 0;
		};
		F59E83B22AA1855C0076D9FD /* Resources */ = {
			isa = PBXResourcesBuildPhase;
			buildActionMask = 2147483647;
			files = (
			);
			runOnlyForDeploymentPostprocessing = 0;
		};
/* End PBXResourcesBuildPhase section */

/* Begin PBXSourcesBuildPhase section */
		F59005022A86200600BAF934 /* Sources */ = {
			isa = PBXSourcesBuildPhase;
			buildActionMask = 2147483647;
			files = (
				F52D65102AB9E7910006CF6F /* SubscriptionManager.swift in Sources */,
				F59005162A86200800BAF934 /* BuddyPark.xcdatamodeld in Sources */,
				F590053D2A86246000BAF934 /* HomeView.swift in Sources */,
				F590053B2A86225F00BAF934 /* Extensions.swift in Sources */,
				F55E423E2A947E40000BBB44 /* ColorExtension.swift in Sources */,
				F519A9042AA8284B00A4569B /* CharacterManager.swift in Sources */,
				F59005502A8A068F00BAF934 /* HomeViewModel.swift in Sources */,
				F54187C62AA848280082E195 /* CoreDataManager.swift in Sources */,
				F590054A2A89F40500BAF934 /* MessageView.swift in Sources */,
				F54187D22AACD0680082E195 /* CoreDataStack.swift in Sources */,
				F59E83AF2AA1851C0076D9FD /* NotificationManager.swift in Sources */,
				F59005132A86200800BAF934 /* Persistence.swift in Sources */,
				F5D73B3D2A9D10AF0075D3FA /* UserProfileManager.swift in Sources */,
				F5362CAF2A9BBF2200FD3A52 /* Constants.swift in Sources */,
				F58A97C62AB36B92004CB0C7 /* WelcomeView.swift in Sources */,
				F59005482A89F3E300BAF934 /* MessageListView.swift in Sources */,
				F59005392A86215800BAF934 /* SwipeView.swift in Sources */,
				F5D70A992A9CF76E0075D3FA /* SubscriptionManager.swift in Sources */,
				F590050A2A86200600BAF934 /* BuddyParkApp.swift in Sources */,
				F55E423C2A93C4FB000BBB44 /* ProfileView.swift in Sources */,
				F58A97C22AB0C5A1004CB0C7 /* Intents.intentdefinition in Sources */,
				F52D65122AB9E8260006CF6F /* SubscriptionView.swift in Sources */,
				F59005522A8A204000BAF934 /* MessageManager.swift in Sources */,
			);
			runOnlyForDeploymentPostprocessing = 0;
		};
		F59005172A86200800BAF934 /* Sources */ = {
			isa = PBXSourcesBuildPhase;
			buildActionMask = 2147483647;
			files = (
				F59005202A86200800BAF934 /* BuddyParkTests.swift in Sources */,
			);
			runOnlyForDeploymentPostprocessing = 0;
		};
		F59005212A86200800BAF934 /* Sources */ = {
			isa = PBXSourcesBuildPhase;
			buildActionMask = 2147483647;
			files = (
				F590052A2A86200800BAF934 /* BuddyParkUITests.swift in Sources */,
				F590052C2A86200800BAF934 /* BuddyParkUITestsLaunchTests.swift in Sources */,
			);
			runOnlyForDeploymentPostprocessing = 0;
		};
		F59E83B02AA1855C0076D9FD /* Sources */ = {
			isa = PBXSourcesBuildPhase;
			buildActionMask = 2147483647;
			files = (
				F5C0ACC12AAE1AEC0081DD23 /* CoreDataManager.swift in Sources */,
				F59E83B72AA1855C0076D9FD /* NotificationService.swift in Sources */,
				F54187D42AACD5600082E195 /* BuddyPark.xcdatamodeld in Sources */,
			);
			runOnlyForDeploymentPostprocessing = 0;
		};
/* End PBXSourcesBuildPhase section */

/* Begin PBXTargetDependency section */
		F590051D2A86200800BAF934 /* PBXTargetDependency */ = {
			isa = PBXTargetDependency;
			target = F59005052A86200600BAF934 /* BuddyPark */;
			targetProxy = F590051C2A86200800BAF934 /* PBXContainerItemProxy */;
		};
		F59005272A86200800BAF934 /* PBXTargetDependency */ = {
			isa = PBXTargetDependency;
			target = F59005052A86200600BAF934 /* BuddyPark */;
			targetProxy = F59005262A86200800BAF934 /* PBXContainerItemProxy */;
		};
		F59E83BA2AA1855C0076D9FD /* PBXTargetDependency */ = {
			isa = PBXTargetDependency;
			target = F59E83B32AA1855C0076D9FD /* BuddyParkNSE */;
			targetProxy = F59E83B92AA1855C0076D9FD /* PBXContainerItemProxy */;
		};
/* End PBXTargetDependency section */

/* Begin XCBuildConfiguration section */
		F590052D2A86200800BAF934 /* Debug */ = {
			isa = XCBuildConfiguration;
			buildSettings = {
				ALWAYS_SEARCH_USER_PATHS = NO;
				CLANG_ANALYZER_NONNULL = YES;
				CLANG_ANALYZER_NUMBER_OBJECT_CONVERSION = YES_AGGRESSIVE;
				CLANG_CXX_LANGUAGE_STANDARD = "gnu++20";
				CLANG_ENABLE_MODULES = YES;
				CLANG_ENABLE_OBJC_ARC = YES;
				CLANG_ENABLE_OBJC_WEAK = YES;
				CLANG_WARN_BLOCK_CAPTURE_AUTORELEASING = YES;
				CLANG_WARN_BOOL_CONVERSION = YES;
				CLANG_WARN_COMMA = YES;
				CLANG_WARN_CONSTANT_CONVERSION = YES;
				CLANG_WARN_DEPRECATED_OBJC_IMPLEMENTATIONS = YES;
				CLANG_WARN_DIRECT_OBJC_ISA_USAGE = YES_ERROR;
				CLANG_WARN_DOCUMENTATION_COMMENTS = YES;
				CLANG_WARN_EMPTY_BODY = YES;
				CLANG_WARN_ENUM_CONVERSION = YES;
				CLANG_WARN_INFINITE_RECURSION = YES;
				CLANG_WARN_INT_CONVERSION = YES;
				CLANG_WARN_NON_LITERAL_NULL_CONVERSION = YES;
				CLANG_WARN_OBJC_IMPLICIT_RETAIN_SELF = YES;
				CLANG_WARN_OBJC_LITERAL_CONVERSION = YES;
				CLANG_WARN_OBJC_ROOT_CLASS = YES_ERROR;
				CLANG_WARN_QUOTED_INCLUDE_IN_FRAMEWORK_HEADER = YES;
				CLANG_WARN_RANGE_LOOP_ANALYSIS = YES;
				CLANG_WARN_STRICT_PROTOTYPES = YES;
				CLANG_WARN_SUSPICIOUS_MOVE = YES;
				CLANG_WARN_UNGUARDED_AVAILABILITY = YES_AGGRESSIVE;
				CLANG_WARN_UNREACHABLE_CODE = YES;
				CLANG_WARN__DUPLICATE_METHOD_MATCH = YES;
				COPY_PHASE_STRIP = NO;
				DEBUG_INFORMATION_FORMAT = dwarf;
				ENABLE_STRICT_OBJC_MSGSEND = YES;
				ENABLE_TESTABILITY = YES;
				GCC_C_LANGUAGE_STANDARD = gnu11;
				GCC_DYNAMIC_NO_PIC = NO;
				GCC_NO_COMMON_BLOCKS = YES;
				GCC_OPTIMIZATION_LEVEL = 0;
				GCC_PREPROCESSOR_DEFINITIONS = (
					"DEBUG=1",
					"$(inherited)",
				);
				GCC_WARN_64_TO_32_BIT_CONVERSION = YES;
				GCC_WARN_ABOUT_RETURN_TYPE = YES_ERROR;
				GCC_WARN_UNDECLARED_SELECTOR = YES;
				GCC_WARN_UNINITIALIZED_AUTOS = YES_AGGRESSIVE;
				GCC_WARN_UNUSED_FUNCTION = YES;
				GCC_WARN_UNUSED_VARIABLE = YES;
				IPHONEOS_DEPLOYMENT_TARGET = 16.4;
				MTL_ENABLE_DEBUG_INFO = INCLUDE_SOURCE;
				MTL_FAST_MATH = YES;
				ONLY_ACTIVE_ARCH = YES;
				SDKROOT = iphoneos;
				SWIFT_ACTIVE_COMPILATION_CONDITIONS = DEBUG;
				SWIFT_OPTIMIZATION_LEVEL = "-Onone";
			};
			name = Debug;
		};
		F590052E2A86200800BAF934 /* Release */ = {
			isa = XCBuildConfiguration;
			buildSettings = {
				ALWAYS_SEARCH_USER_PATHS = NO;
				CLANG_ANALYZER_NONNULL = YES;
				CLANG_ANALYZER_NUMBER_OBJECT_CONVERSION = YES_AGGRESSIVE;
				CLANG_CXX_LANGUAGE_STANDARD = "gnu++20";
				CLANG_ENABLE_MODULES = YES;
				CLANG_ENABLE_OBJC_ARC = YES;
				CLANG_ENABLE_OBJC_WEAK = YES;
				CLANG_WARN_BLOCK_CAPTURE_AUTORELEASING = YES;
				CLANG_WARN_BOOL_CONVERSION = YES;
				CLANG_WARN_COMMA = YES;
				CLANG_WARN_CONSTANT_CONVERSION = YES;
				CLANG_WARN_DEPRECATED_OBJC_IMPLEMENTATIONS = YES;
				CLANG_WARN_DIRECT_OBJC_ISA_USAGE = YES_ERROR;
				CLANG_WARN_DOCUMENTATION_COMMENTS = YES;
				CLANG_WARN_EMPTY_BODY = YES;
				CLANG_WARN_ENUM_CONVERSION = YES;
				CLANG_WARN_INFINITE_RECURSION = YES;
				CLANG_WARN_INT_CONVERSION = YES;
				CLANG_WARN_NON_LITERAL_NULL_CONVERSION = YES;
				CLANG_WARN_OBJC_IMPLICIT_RETAIN_SELF = YES;
				CLANG_WARN_OBJC_LITERAL_CONVERSION = YES;
				CLANG_WARN_OBJC_ROOT_CLASS = YES_ERROR;
				CLANG_WARN_QUOTED_INCLUDE_IN_FRAMEWORK_HEADER = YES;
				CLANG_WARN_RANGE_LOOP_ANALYSIS = YES;
				CLANG_WARN_STRICT_PROTOTYPES = YES;
				CLANG_WARN_SUSPICIOUS_MOVE = YES;
				CLANG_WARN_UNGUARDED_AVAILABILITY = YES_AGGRESSIVE;
				CLANG_WARN_UNREACHABLE_CODE = YES;
				CLANG_WARN__DUPLICATE_METHOD_MATCH = YES;
				COPY_PHASE_STRIP = NO;
				DEBUG_INFORMATION_FORMAT = "dwarf-with-dsym";
				ENABLE_NS_ASSERTIONS = NO;
				ENABLE_STRICT_OBJC_MSGSEND = YES;
				GCC_C_LANGUAGE_STANDARD = gnu11;
				GCC_NO_COMMON_BLOCKS = YES;
				GCC_WARN_64_TO_32_BIT_CONVERSION = YES;
				GCC_WARN_ABOUT_RETURN_TYPE = YES_ERROR;
				GCC_WARN_UNDECLARED_SELECTOR = YES;
				GCC_WARN_UNINITIALIZED_AUTOS = YES_AGGRESSIVE;
				GCC_WARN_UNUSED_FUNCTION = YES;
				GCC_WARN_UNUSED_VARIABLE = YES;
				IPHONEOS_DEPLOYMENT_TARGET = 16.4;
				MTL_ENABLE_DEBUG_INFO = NO;
				MTL_FAST_MATH = YES;
				SDKROOT = iphoneos;
				SWIFT_COMPILATION_MODE = wholemodule;
				SWIFT_OPTIMIZATION_LEVEL = "-O";
				VALIDATE_PRODUCT = YES;
			};
			name = Release;
		};
		F59005302A86200800BAF934 /* Debug */ = {
			isa = XCBuildConfiguration;
			buildSettings = {
				ALWAYS_EMBED_SWIFT_STANDARD_LIBRARIES = YES;
				ASSETCATALOG_COMPILER_APPICON_NAME = AppIcon;
				ASSETCATALOG_COMPILER_GLOBAL_ACCENT_COLOR_NAME = AccentColor;
				CODE_SIGN_ENTITLEMENTS = BuddyPark/BuddyPark.entitlements;
				CODE_SIGN_STYLE = Automatic;
				CURRENT_PROJECT_VERSION = 2;
				DEVELOPMENT_ASSET_PATHS = "\"BuddyPark/Preview Content\"";
				DEVELOPMENT_TEAM = 4R46BG4QL5;
				ENABLE_PREVIEWS = YES;
				GENERATE_INFOPLIST_FILE = YES;
				INFOPLIST_FILE = BuddyPark/Info.plist;
				INFOPLIST_KEY_UIApplicationSceneManifest_Generation = YES;
				INFOPLIST_KEY_UIApplicationSupportsIndirectInputEvents = YES;
				INFOPLIST_KEY_UILaunchScreen_Generation = YES;
				INFOPLIST_KEY_UISupportedInterfaceOrientations = UIInterfaceOrientationPortrait;
				INFOPLIST_KEY_UISupportedInterfaceOrientations_iPad = "UIInterfaceOrientationLandscapeLeft UIInterfaceOrientationLandscapeRight UIInterfaceOrientationPortrait UIInterfaceOrientationPortraitUpsideDown";
				LD_RUNPATH_SEARCH_PATHS = (
					"$(inherited)",
					"@executable_path/Frameworks",
				);
				MARKETING_VERSION = 1.0;
				PRODUCT_BUNDLE_IDENTIFIER = com.penghaohuang.BuddyPark;
				PRODUCT_NAME = "$(TARGET_NAME)";
				SUPPORTED_PLATFORMS = "iphoneos iphonesimulator";
				SUPPORTS_MACCATALYST = NO;
				SUPPORTS_MAC_DESIGNED_FOR_IPHONE_IPAD = NO;
				SWIFT_EMIT_LOC_STRINGS = YES;
				SWIFT_VERSION = 5.0;
				TARGETED_DEVICE_FAMILY = 1;
			};
			name = Debug;
		};
		F59005312A86200800BAF934 /* Release */ = {
			isa = XCBuildConfiguration;
			buildSettings = {
				ALWAYS_EMBED_SWIFT_STANDARD_LIBRARIES = YES;
				ASSETCATALOG_COMPILER_APPICON_NAME = AppIcon;
				ASSETCATALOG_COMPILER_GLOBAL_ACCENT_COLOR_NAME = AccentColor;
				CODE_SIGN_ENTITLEMENTS = BuddyPark/BuddyPark.entitlements;
				CODE_SIGN_STYLE = Automatic;
				CURRENT_PROJECT_VERSION = 2;
				DEVELOPMENT_ASSET_PATHS = "\"BuddyPark/Preview Content\"";
				DEVELOPMENT_TEAM = 4R46BG4QL5;
				ENABLE_PREVIEWS = YES;
				GENERATE_INFOPLIST_FILE = YES;
				INFOPLIST_FILE = BuddyPark/Info.plist;
				INFOPLIST_KEY_UIApplicationSceneManifest_Generation = YES;
				INFOPLIST_KEY_UIApplicationSupportsIndirectInputEvents = YES;
				INFOPLIST_KEY_UILaunchScreen_Generation = YES;
				INFOPLIST_KEY_UISupportedInterfaceOrientations = UIInterfaceOrientationPortrait;
				INFOPLIST_KEY_UISupportedInterfaceOrientations_iPad = "UIInterfaceOrientationLandscapeLeft UIInterfaceOrientationLandscapeRight UIInterfaceOrientationPortrait UIInterfaceOrientationPortraitUpsideDown";
				LD_RUNPATH_SEARCH_PATHS = (
					"$(inherited)",
					"@executable_path/Frameworks",
				);
				MARKETING_VERSION = 1.0;
				PRODUCT_BUNDLE_IDENTIFIER = com.penghaohuang.BuddyPark;
				PRODUCT_NAME = "$(TARGET_NAME)";
				SUPPORTED_PLATFORMS = "iphoneos iphonesimulator";
				SUPPORTS_MACCATALYST = NO;
				SUPPORTS_MAC_DESIGNED_FOR_IPHONE_IPAD = NO;
				SWIFT_EMIT_LOC_STRINGS = YES;
				SWIFT_VERSION = 5.0;
				TARGETED_DEVICE_FAMILY = 1;
			};
			name = Release;
		};
		F59005332A86200800BAF934 /* Debug */ = {
			isa = XCBuildConfiguration;
			buildSettings = {
				ALWAYS_EMBED_SWIFT_STANDARD_LIBRARIES = YES;
				BUNDLE_LOADER = "$(TEST_HOST)";
				CODE_SIGN_STYLE = Automatic;
				CURRENT_PROJECT_VERSION = 1;
				DEVELOPMENT_TEAM = 4R46BG4QL5;
				GENERATE_INFOPLIST_FILE = YES;
				IPHONEOS_DEPLOYMENT_TARGET = 16.4;
				MARKETING_VERSION = 1.0;
				PRODUCT_BUNDLE_IDENTIFIER = com.penghaohuang.BuddyParkTests;
				PRODUCT_NAME = "$(TARGET_NAME)";
				SWIFT_EMIT_LOC_STRINGS = NO;
				SWIFT_VERSION = 5.0;
				TARGETED_DEVICE_FAMILY = "1,2";
				TEST_HOST = "$(BUILT_PRODUCTS_DIR)/BuddyPark.app/$(BUNDLE_EXECUTABLE_FOLDER_PATH)/BuddyPark";
			};
			name = Debug;
		};
		F59005342A86200800BAF934 /* Release */ = {
			isa = XCBuildConfiguration;
			buildSettings = {
				ALWAYS_EMBED_SWIFT_STANDARD_LIBRARIES = YES;
				BUNDLE_LOADER = "$(TEST_HOST)";
				CODE_SIGN_STYLE = Automatic;
				CURRENT_PROJECT_VERSION = 1;
				DEVELOPMENT_TEAM = 4R46BG4QL5;
				GENERATE_INFOPLIST_FILE = YES;
				IPHONEOS_DEPLOYMENT_TARGET = 16.4;
				MARKETING_VERSION = 1.0;
				PRODUCT_BUNDLE_IDENTIFIER = com.penghaohuang.BuddyParkTests;
				PRODUCT_NAME = "$(TARGET_NAME)";
				SWIFT_EMIT_LOC_STRINGS = NO;
				SWIFT_VERSION = 5.0;
				TARGETED_DEVICE_FAMILY = "1,2";
				TEST_HOST = "$(BUILT_PRODUCTS_DIR)/BuddyPark.app/$(BUNDLE_EXECUTABLE_FOLDER_PATH)/BuddyPark";
			};
			name = Release;
		};
		F59005362A86200800BAF934 /* Debug */ = {
			isa = XCBuildConfiguration;
			buildSettings = {
				ALWAYS_EMBED_SWIFT_STANDARD_LIBRARIES = YES;
				CODE_SIGN_STYLE = Automatic;
				CURRENT_PROJECT_VERSION = 1;
				DEVELOPMENT_TEAM = 4R46BG4QL5;
				GENERATE_INFOPLIST_FILE = YES;
				MARKETING_VERSION = 1.0;
				PRODUCT_BUNDLE_IDENTIFIER = com.penghaohuang.BuddyParkUITests;
				PRODUCT_NAME = "$(TARGET_NAME)";
				SWIFT_EMIT_LOC_STRINGS = NO;
				SWIFT_VERSION = 5.0;
				TARGETED_DEVICE_FAMILY = "1,2";
				TEST_TARGET_NAME = BuddyPark;
			};
			name = Debug;
		};
		F59005372A86200800BAF934 /* Release */ = {
			isa = XCBuildConfiguration;
			buildSettings = {
				ALWAYS_EMBED_SWIFT_STANDARD_LIBRARIES = YES;
				CODE_SIGN_STYLE = Automatic;
				CURRENT_PROJECT_VERSION = 1;
				DEVELOPMENT_TEAM = 4R46BG4QL5;
				GENERATE_INFOPLIST_FILE = YES;
				MARKETING_VERSION = 1.0;
				PRODUCT_BUNDLE_IDENTIFIER = com.penghaohuang.BuddyParkUITests;
				PRODUCT_NAME = "$(TARGET_NAME)";
				SWIFT_EMIT_LOC_STRINGS = NO;
				SWIFT_VERSION = 5.0;
				TARGETED_DEVICE_FAMILY = "1,2";
				TEST_TARGET_NAME = BuddyPark;
			};
			name = Release;
		};
		F59E83BD2AA1855C0076D9FD /* Debug */ = {
			isa = XCBuildConfiguration;
			buildSettings = {
				CODE_SIGN_ENTITLEMENTS = BuddyParkNSE/BuddyParkNSE.entitlements;
				CODE_SIGN_STYLE = Automatic;
				CURRENT_PROJECT_VERSION = 1;
				DEVELOPMENT_TEAM = 4R46BG4QL5;
				GENERATE_INFOPLIST_FILE = YES;
				INFOPLIST_FILE = BuddyParkNSE/Info.plist;
				INFOPLIST_KEY_CFBundleDisplayName = BuddyParkNSE;
				INFOPLIST_KEY_NSHumanReadableCopyright = "";
				LD_RUNPATH_SEARCH_PATHS = (
					"$(inherited)",
					"@executable_path/Frameworks",
					"@executable_path/../../Frameworks",
				);
				MARKETING_VERSION = 1.0;
				PRODUCT_BUNDLE_IDENTIFIER = com.penghaohuang.BuddyPark.BuddyParkNSE;
				PRODUCT_NAME = "$(TARGET_NAME)";
				SKIP_INSTALL = YES;
				SWIFT_EMIT_LOC_STRINGS = YES;
				SWIFT_VERSION = 5.0;
				TARGETED_DEVICE_FAMILY = "1,2";
			};
			name = Debug;
		};
		F59E83BE2AA1855C0076D9FD /* Release */ = {
			isa = XCBuildConfiguration;
			buildSettings = {
				CODE_SIGN_ENTITLEMENTS = BuddyParkNSE/BuddyParkNSE.entitlements;
				CODE_SIGN_STYLE = Automatic;
				CURRENT_PROJECT_VERSION = 1;
				DEVELOPMENT_TEAM = 4R46BG4QL5;
				GENERATE_INFOPLIST_FILE = YES;
				INFOPLIST_FILE = BuddyParkNSE/Info.plist;
				INFOPLIST_KEY_CFBundleDisplayName = BuddyParkNSE;
				INFOPLIST_KEY_NSHumanReadableCopyright = "";
				LD_RUNPATH_SEARCH_PATHS = (
					"$(inherited)",
					"@executable_path/Frameworks",
					"@executable_path/../../Frameworks",
				);
				MARKETING_VERSION = 1.0;
				PRODUCT_BUNDLE_IDENTIFIER = com.penghaohuang.BuddyPark.BuddyParkNSE;
				PRODUCT_NAME = "$(TARGET_NAME)";
				SKIP_INSTALL = YES;
				SWIFT_EMIT_LOC_STRINGS = YES;
				SWIFT_VERSION = 5.0;
				TARGETED_DEVICE_FAMILY = "1,2";
			};
			name = Release;
		};
/* End XCBuildConfiguration section */

/* Begin XCConfigurationList section */
		F59005012A86200600BAF934 /* Build configuration list for PBXProject "BuddyPark" */ = {
			isa = XCConfigurationList;
			buildConfigurations = (
				F590052D2A86200800BAF934 /* Debug */,
				F590052E2A86200800BAF934 /* Release */,
			);
			defaultConfigurationIsVisible = 0;
			defaultConfigurationName = Release;
		};
		F590052F2A86200800BAF934 /* Build configuration list for PBXNativeTarget "BuddyPark" */ = {
			isa = XCConfigurationList;
			buildConfigurations = (
				F59005302A86200800BAF934 /* Debug */,
				F59005312A86200800BAF934 /* Release */,
			);
			defaultConfigurationIsVisible = 0;
			defaultConfigurationName = Release;
		};
		F59005322A86200800BAF934 /* Build configuration list for PBXNativeTarget "BuddyParkTests" */ = {
			isa = XCConfigurationList;
			buildConfigurations = (
				F59005332A86200800BAF934 /* Debug */,
				F59005342A86200800BAF934 /* Release */,
			);
			defaultConfigurationIsVisible = 0;
			defaultConfigurationName = Release;
		};
		F59005352A86200800BAF934 /* Build configuration list for PBXNativeTarget "BuddyParkUITests" */ = {
			isa = XCConfigurationList;
			buildConfigurations = (
				F59005362A86200800BAF934 /* Debug */,
				F59005372A86200800BAF934 /* Release */,
			);
			defaultConfigurationIsVisible = 0;
			defaultConfigurationName = Release;
		};
		F59E83BC2AA1855C0076D9FD /* Build configuration list for PBXNativeTarget "BuddyParkNSE" */ = {
			isa = XCConfigurationList;
			buildConfigurations = (
				F59E83BD2AA1855C0076D9FD /* Debug */,
				F59E83BE2AA1855C0076D9FD /* Release */,
			);
			defaultConfigurationIsVisible = 0;
			defaultConfigurationName = Release;
		};
/* End XCConfigurationList section */

/* Begin XCRemoteSwiftPackageReference section */
		F52D650C2AB8BA1D0006CF6F /* XCRemoteSwiftPackageReference "SwiftUIX" */ = {
			isa = XCRemoteSwiftPackageReference;
			repositoryURL = "https://github.com/SwiftUIX/SwiftUIX.git";
			requirement = {
				kind = upToNextMajorVersion;
				minimumVersion = 0.1.6;
			};
		};
/* End XCRemoteSwiftPackageReference section */

/* Begin XCSwiftPackageProductDependency section */
		F52D650D2AB8BA1D0006CF6F /* SwiftUIX */ = {
			isa = XCSwiftPackageProductDependency;
			package = F52D650C2AB8BA1D0006CF6F /* XCRemoteSwiftPackageReference "SwiftUIX" */;
			productName = SwiftUIX;
		};
/* End XCSwiftPackageProductDependency section */

/* Begin XCVersionGroup section */
		F59005142A86200800BAF934 /* BuddyPark.xcdatamodeld */ = {
			isa = XCVersionGroup;
			children = (
				F59005152A86200800BAF934 /* BuddyPark.xcdatamodel */,
			);
			currentVersion = F59005152A86200800BAF934 /* BuddyPark.xcdatamodel */;
			path = BuddyPark.xcdatamodeld;
			sourceTree = "<group>";
			versionGroupType = wrapper.xcdatamodel;
		};
/* End XCVersionGroup section */
	};
	rootObject = F59004FE2A86200600BAF934 /* Project object */;
}
